// !$*UTF8*$!
{archiveVersion = 1; classes = {}; objectVersion = 56; objects = {
DEA3D393079D59223839AF14 = {isa = PBXFileReference; lastKnownFileType = sourcecode.swift; path = "QuietHN/Browser/BrowserTab.swift"; sourceTree = SOURCE_ROOT; };
AA157EEC8F38D3044BB3E04C = {isa = PBXBuildFile; fileRef = DEA3D393079D59223839AF14; };
36522BC09424AFB044912801 = {isa = PBXFileReference; lastKnownFileType = sourcecode.swift; path = "QuietHN/Browser/BrowserWorkspace.swift"; sourceTree = SOURCE_ROOT; };
22B4985BA2C046B0FBE05F9C = {isa = PBXBuildFile; fileRef = 36522BC09424AFB044912801; };
AB685C75E5D04441446E584C = {isa = PBXFileReference; lastKnownFileType = sourcecode.swift; path = "QuietHN/Browser/HNService.swift"; sourceTree = SOURCE_ROOT; };
5EE70FECAE165CBA90853EF9 = {isa = PBXBuildFile; fileRef = AB685C75E5D04441446E584C; };
2EA652FD17781F5F900D7A1D = {isa = PBXFileReference; lastKnownFileType = sourcecode.swift; path = "QuietHN/Core/AccountFilters.swift"; sourceTree = SOURCE_ROOT; };
015CAA67E74AF3B035A470E1 = {isa = PBXBuildFile; fileRef = 2EA652FD17781F5F900D7A1D; };
72473C9D7578AC8A9FAEF488 = {isa = PBXFileReference; lastKnownFileType = sourcecode.swift; path = "QuietHN/Core/Ancestry.swift"; sourceTree = SOURCE_ROOT; };
989201D0111551EC6FD7B2B4 = {isa = PBXBuildFile; fileRef = 72473C9D7578AC8A9FAEF488; };
EEC38DDD56B96DDE13156E01 = {isa = PBXFileReference; lastKnownFileType = sourcecode.swift; path = "QuietHN/Core/CachedAccount.swift"; sourceTree = SOURCE_ROOT; };
72C2300B6E0E772B850AF6D7 = {isa = PBXBuildFile; fileRef = EEC38DDD56B96DDE13156E01; };
F51316C51548489F106AF6E3 = {isa = PBXFileReference; lastKnownFileType = sourcecode.swift; path = "QuietHN/Core/FilterRule.swift"; sourceTree = SOURCE_ROOT; };
E8061A8BF6525B5CE6EE788C = {isa = PBXBuildFile; fileRef = F51316C51548489F106AF6E3; };
90F1DE4B5F18B4203D6ACAF1 = {isa = PBXFileReference; lastKnownFileType = sourcecode.swift; path = "QuietHN/Core/Records.swift"; sourceTree = SOURCE_ROOT; };
059E57171415875A62F8A95A = {isa = PBXBuildFile; fileRef = 90F1DE4B5F18B4203D6ACAF1; };
B96ABFA0B8866CD95C906158 = {isa = PBXFileReference; lastKnownFileType = sourcecode.swift; path = "QuietHN/Core/RuleListEdits.swift"; sourceTree = SOURCE_ROOT; };
6BDE1D28081106141950C900 = {isa = PBXBuildFile; fileRef = B96ABFA0B8866CD95C906158; };
1D358157C49A1C837F2ACDC7 = {isa = PBXFileReference; lastKnownFileType = sourcecode.swift; path = "QuietHN/QuietHNApp.swift"; sourceTree = SOURCE_ROOT; };
B75DF82893181D47562DD1E7 = {isa = PBXBuildFile; fileRef = 1D358157C49A1C837F2ACDC7; };
DBEB10A181361B74A9CA26EA = {isa = PBXFileReference; lastKnownFileType = sourcecode.swift; path = "QuietHN/RecordStore.swift"; sourceTree = SOURCE_ROOT; };
846AA7F419FFB5148703DA75 = {isa = PBXBuildFile; fileRef = DBEB10A181361B74A9CA26EA; };
27DB4D0F2A7E125ABA6C5B60 = {isa = PBXFileReference; lastKnownFileType = sourcecode.swift; path = "QuietHN/Sync/CloudSync.swift"; sourceTree = SOURCE_ROOT; };
34A6436A78B11A099119DB53 = {isa = PBXBuildFile; fileRef = 27DB4D0F2A7E125ABA6C5B60; };
9B30BD6F3AE76F0F901628AD = {isa = PBXFileReference; lastKnownFileType = sourcecode.swift; path = "QuietHN/Views/AccountNotesEditor.swift"; sourceTree = SOURCE_ROOT; };
1BD775BC3623C488CFCA4C99 = {isa = PBXBuildFile; fileRef = 9B30BD6F3AE76F0F901628AD; };
347886EDBF682FD4922A9A1C = {isa = PBXFileReference; lastKnownFileType = sourcecode.swift; path = "QuietHN/Views/BrowserView.swift"; sourceTree = SOURCE_ROOT; };
2951ECBA8151A2E6E66D0AE6 = {isa = PBXBuildFile; fileRef = 347886EDBF682FD4922A9A1C; };
93EDF998A0BE8A4539D9430B = {isa = PBXFileReference; lastKnownFileType = sourcecode.swift; path = "QuietHN/Views/FilterEditor.swift"; sourceTree = SOURCE_ROOT; };
98C018913CC063808109EA74 = {isa = PBXBuildFile; fileRef = 93EDF998A0BE8A4539D9430B; };
95472A713E1754670F518A8C = {isa = PBXFileReference; lastKnownFileType = sourcecode.swift; path = "QuietHN/Views/FilterEffectPicker.swift"; sourceTree = SOURCE_ROOT; };
1083436CC0ED3860F33CAA66 = {isa = PBXBuildFile; fileRef = 95472A713E1754670F518A8C; };
6C73F0FFE79AF46E58FB728B = {isa = PBXFileReference; lastKnownFileType = sourcecode.swift; path = "QuietHN/Views/FilterMembersEditor.swift"; sourceTree = SOURCE_ROOT; };
2CADE8BCF4D803901B03D4CC = {isa = PBXBuildFile; fileRef = 6C73F0FFE79AF46E58FB728B; };
EFBEC9C0B642D79850E65113 = {isa = PBXFileReference; lastKnownFileType = sourcecode.swift; path = "QuietHN/Views/FilterNameField.swift"; sourceTree = SOURCE_ROOT; };
D74963A6A7B193F744FF2D47 = {isa = PBXBuildFile; fileRef = EFBEC9C0B642D79850E65113; };
F46878AB05247EB98E2D7CE9 = {isa = PBXFileReference; lastKnownFileType = sourcecode.swift; path = "QuietHN/Views/FiltersView.swift"; sourceTree = SOURCE_ROOT; };
3B400EF39ADAA4E4EC86C185 = {isa = PBXBuildFile; fileRef = F46878AB05247EB98E2D7CE9; };
005DDC2C2E596C1FA7A1E932 = {isa = PBXFileReference; lastKnownFileType = sourcecode.swift; path = "QuietHN/Views/RecordEditor.swift"; sourceTree = SOURCE_ROOT; };
116B925384ABD1EF8471D893 = {isa = PBXBuildFile; fileRef = 005DDC2C2E596C1FA7A1E932; };
76037C999D40C1ABB3EFA006 = {isa = PBXFileReference; lastKnownFileType = sourcecode.swift; path = "QuietHN/Views/RootView.swift"; sourceTree = SOURCE_ROOT; };
7D4CC4BF61DFD8403E86E68F = {isa = PBXBuildFile; fileRef = 76037C999D40C1ABB3EFA006; };
3A557663B560922863EDF109 = {isa = PBXFileReference; lastKnownFileType = sourcecode.swift; path = "QuietHN/Views/SettingsView.swift"; sourceTree = SOURCE_ROOT; };
CAF94E91A5390773B3178B9B = {isa = PBXBuildFile; fileRef = 3A557663B560922863EDF109; };
F18E2B8E5B476AA2F8D6BD67 = {isa = PBXFileReference; lastKnownFileType = sourcecode.javascript; path = "QuietHN/Resources/filter.js"; sourceTree = SOURCE_ROOT; };
24FE9FE1707C5C66878CE949 = {isa = PBXBuildFile; fileRef = F18E2B8E5B476AA2F8D6BD67; };
3685E330EC5277A9DD5661C6 = {isa = PBXFileReference; lastKnownFileType = folder.assetcatalog; path = QuietHN/Resources/Assets.xcassets; sourceTree = SOURCE_ROOT; };
FB90684E69A6C96ED866993E = {isa = PBXBuildFile; fileRef = 3685E330EC5277A9DD5661C6; };
38A007151ABE87CC01A5B6E9 = {isa = PBXFileReference; explicitFileType = wrapper.application; includeInIndex = 0; path = QuietHN.app; sourceTree = BUILT_PRODUCTS_DIR; };
FBDC4F23F93125BBEEAE800C = {isa = PBXGroup; children = (38A007151ABE87CC01A5B6E9,); name = Products; sourceTree = "<group>"; };
B28B7AF69320201D1CF206EB = {isa = PBXGroup; children = (DEA3D393079D59223839AF14,36522BC09424AFB044912801,AB685C75E5D04441446E584C,2EA652FD17781F5F900D7A1D,72473C9D7578AC8A9FAEF488,EEC38DDD56B96DDE13156E01,F51316C51548489F106AF6E3,90F1DE4B5F18B4203D6ACAF1,B96ABFA0B8866CD95C906158,1D358157C49A1C837F2ACDC7,DBEB10A181361B74A9CA26EA,27DB4D0F2A7E125ABA6C5B60,9B30BD6F3AE76F0F901628AD,347886EDBF682FD4922A9A1C,93EDF998A0BE8A4539D9430B,95472A713E1754670F518A8C,6C73F0FFE79AF46E58FB728B,EFBEC9C0B642D79850E65113,F46878AB05247EB98E2D7CE9,005DDC2C2E596C1FA7A1E932,76037C999D40C1ABB3EFA006,3A557663B560922863EDF109,F18E2B8E5B476AA2F8D6BD67,3685E330EC5277A9DD5661C6,FBDC4F23F93125BBEEAE800C,); sourceTree = "<group>"; };
BCE16DD0260827ECF338C787 = {isa = PBXSourcesBuildPhase; buildActionMask = 2147483647; files = (AA157EEC8F38D3044BB3E04C,22B4985BA2C046B0FBE05F9C,5EE70FECAE165CBA90853EF9,015CAA67E74AF3B035A470E1,989201D0111551EC6FD7B2B4,72C2300B6E0E772B850AF6D7,E8061A8BF6525B5CE6EE788C,059E57171415875A62F8A95A,6BDE1D28081106141950C900,B75DF82893181D47562DD1E7,846AA7F419FFB5148703DA75,34A6436A78B11A099119DB53,1BD775BC3623C488CFCA4C99,2951ECBA8151A2E6E66D0AE6,98C018913CC063808109EA74,1083436CC0ED3860F33CAA66,2CADE8BCF4D803901B03D4CC,D74963A6A7B193F744FF2D47,3B400EF39ADAA4E4EC86C185,116B925384ABD1EF8471D893,7D4CC4BF61DFD8403E86E68F,CAF94E91A5390773B3178B9B,); runOnlyForDeploymentPostprocessing = 0; };
0189424A5A60FED329FA868E = {isa = PBXResourcesBuildPhase; buildActionMask = 2147483647; files = (24FE9FE1707C5C66878CE949,FB90684E69A6C96ED866993E,); runOnlyForDeploymentPostprocessing = 0; };
7561BFB015D8F536760CB671 = {isa = PBXFrameworksBuildPhase; buildActionMask = 2147483647; files = (); runOnlyForDeploymentPostprocessing = 0; };
5EC5C7020CABC4A99E04D1AB = {isa = PBXFileReference; lastKnownFileType = text.xcconfig; path = Config/Signing.xcconfig; sourceTree = SOURCE_ROOT; };
89E1FD6268CC0F221A2BE178 = {isa = XCBuildConfiguration; name = "Debug"; buildSettings = {"CLANG_ENABLE_MODULES" = "YES"; "SWIFT_OPTIMIZATION_LEVEL" = "-Onone"; "DEBUG_INFORMATION_FORMAT" = "dwarf"; "SWIFT_ACTIVE_COMPILATION_CONDITIONS" = "DEBUG";}; };
E6DE6C99132752C914FEF632 = {isa = XCBuildConfiguration; name = "Release"; buildSettings = {"CLANG_ENABLE_MODULES" = "YES"; "SWIFT_OPTIMIZATION_LEVEL" = "-O"; "DEBUG_INFORMATION_FORMAT" = "dwarf-with-dsym";}; };
D66D0B071132F4E14EF1C8EB = {isa = XCBuildConfiguration; name = "CloudDebug"; buildSettings = {"CLANG_ENABLE_MODULES" = "YES"; "SWIFT_OPTIMIZATION_LEVEL" = "-Onone"; "DEBUG_INFORMATION_FORMAT" = "dwarf"; "SWIFT_ACTIVE_COMPILATION_CONDITIONS" = "DEBUG";}; };
923487C5AEE96E752EAC552C = {isa = XCBuildConfiguration; name = "CloudRelease"; buildSettings = {"CLANG_ENABLE_MODULES" = "YES"; "SWIFT_OPTIMIZATION_LEVEL" = "-O"; "DEBUG_INFORMATION_FORMAT" = "dwarf-with-dsym";}; };
BC7E287B75C6D3E574547D08 = {isa = XCConfigurationList; buildConfigurations = (89E1FD6268CC0F221A2BE178,E6DE6C99132752C914FEF632,D66D0B071132F4E14EF1C8EB,923487C5AEE96E752EAC552C,); defaultConfigurationIsVisible = 0; defaultConfigurationName = Debug; };
7082CC0B6FC1282FCEABD07A = {isa = XCBuildConfiguration; name = "Debug"; baseConfigurationReference = 5EC5C7020CABC4A99E04D1AB; buildSettings = {"PRODUCT_BUNDLE_IDENTIFIER" = "$(QUIET_HN_BUNDLE_ID)"; "PRODUCT_NAME" = "QuietHN"; "ASSETCATALOG_COMPILER_APPICON_NAME" = "AppIcon"; "SWIFT_VERSION" = "6.0"; "SWIFT_STRICT_CONCURRENCY" = "complete"; "MACOSX_DEPLOYMENT_TARGET" = "14.0"; "IPHONEOS_DEPLOYMENT_TARGET" = "17.0"; "SUPPORTED_PLATFORMS" = "macosx iphoneos iphonesimulator"; "SDKROOT" = "auto"; "TARGETED_DEVICE_FAMILY" = "1,2"; "SUPPORTS_MACCATALYST" = "NO"; "GENERATE_INFOPLIST_FILE" = "YES"; "INFOPLIST_FILE" = "Config/Info.plist"; "INFOPLIST_KEY_CFBundleDisplayName" = "Quiet HN"; "INFOPLIST_KEY_LSApplicationCategoryType" = "public.app-category.news"; "INFOPLIST_KEY_UIApplicationSceneManifest_Generation" = "YES"; "INFOPLIST_KEY_UILaunchScreen_Generation" = "YES"; "INFOPLIST_KEY_UISupportedInterfaceOrientations_iPhone" = "UIInterfaceOrientationPortrait UIInterfaceOrientationLandscapeLeft UIInterfaceOrientationLandscapeRight"; "CODE_SIGN_STYLE" = "Automatic"; "CODE_SIGN_ENTITLEMENTS" = "Config/Local.entitlements"; "CODE_SIGN_ENTITLEMENTS[sdk=iphone*]" = "Config/Local-iOS.entitlements"; "QUIET_HN_CLOUD_ENABLED" = "NO"; "CURRENT_PROJECT_VERSION" = "1"; "MARKETING_VERSION" = "0.1.0"; "ENABLE_HARDENED_RUNTIME" = "YES"; "ENABLE_APP_SANDBOX" = "YES"; "ENABLE_USER_SELECTED_FILES" = "readwrite"; "ENABLE_OUTGOING_NETWORK_CONNECTIONS" = "YES"; "COMBINE_HIDPI_IMAGES" = "YES"; "LD_RUNPATH_SEARCH_PATHS" = "$(inherited) @executable_path/Frameworks @executable_path/../Frameworks"; "SWIFT_ACTIVE_COMPILATION_CONDITIONS" = "DEBUG";}; };
639A7CA24D39909E713B47F7 = {isa = XCBuildConfiguration; name = "Release"; baseConfigurationReference = 5EC5C7020CABC4A99E04D1AB; buildSettings = {"PRODUCT_BUNDLE_IDENTIFIER" = "$(QUIET_HN_BUNDLE_ID)"; "PRODUCT_NAME" = "QuietHN"; "ASSETCATALOG_COMPILER_APPICON_NAME" = "AppIcon"; "SWIFT_VERSION" = "6.0"; "SWIFT_STRICT_CONCURRENCY" = "complete"; "MACOSX_DEPLOYMENT_TARGET" = "14.0"; "IPHONEOS_DEPLOYMENT_TARGET" = "17.0"; "SUPPORTED_PLATFORMS" = "macosx iphoneos iphonesimulator"; "SDKROOT" = "auto"; "TARGETED_DEVICE_FAMILY" = "1,2"; "SUPPORTS_MACCATALYST" = "NO"; "GENERATE_INFOPLIST_FILE" = "YES"; "INFOPLIST_FILE" = "Config/Info.plist"; "INFOPLIST_KEY_CFBundleDisplayName" = "Quiet HN"; "INFOPLIST_KEY_LSApplicationCategoryType" = "public.app-category.news"; "INFOPLIST_KEY_UIApplicationSceneManifest_Generation" = "YES"; "INFOPLIST_KEY_UILaunchScreen_Generation" = "YES"; "INFOPLIST_KEY_UISupportedInterfaceOrientations_iPhone" = "UIInterfaceOrientationPortrait UIInterfaceOrientationLandscapeLeft UIInterfaceOrientationLandscapeRight"; "CODE_SIGN_STYLE" = "Automatic"; "CODE_SIGN_ENTITLEMENTS" = "Config/Local.entitlements"; "CODE_SIGN_ENTITLEMENTS[sdk=iphone*]" = "Config/Local-iOS.entitlements"; "QUIET_HN_CLOUD_ENABLED" = "NO"; "CURRENT_PROJECT_VERSION" = "1"; "MARKETING_VERSION" = "0.1.0"; "ENABLE_HARDENED_RUNTIME" = "YES"; "ENABLE_APP_SANDBOX" = "YES"; "ENABLE_USER_SELECTED_FILES" = "readwrite"; "ENABLE_OUTGOING_NETWORK_CONNECTIONS" = "YES"; "COMBINE_HIDPI_IMAGES" = "YES"; "LD_RUNPATH_SEARCH_PATHS" = "$(inherited) @executable_path/Frameworks @executable_path/../Frameworks";}; };
71042C7F1CFD079F5ABF01DE = {isa = XCBuildConfiguration; name = "CloudDebug"; baseConfigurationReference = 5EC5C7020CABC4A99E04D1AB; buildSettings = {"PRODUCT_BUNDLE_IDENTIFIER" = "$(QUIET_HN_BUNDLE_ID)"; "PRODUCT_NAME" = "QuietHN"; "ASSETCATALOG_COMPILER_APPICON_NAME" = "AppIcon"; "SWIFT_VERSION" = "6.0"; "SWIFT_STRICT_CONCURRENCY" = "complete"; "MACOSX_DEPLOYMENT_TARGET" = "14.0"; "IPHONEOS_DEPLOYMENT_TARGET" = "17.0"; "SUPPORTED_PLATFORMS" = "macosx iphoneos iphonesimulator"; "SDKROOT" = "auto"; "TARGETED_DEVICE_FAMILY" = "1,2"; "SUPPORTS_MACCATALYST" = "NO"; "GENERATE_INFOPLIST_FILE" = "YES"; "INFOPLIST_FILE" = "Config/Info.plist"; "INFOPLIST_KEY_CFBundleDisplayName" = "Quiet HN"; "INFOPLIST_KEY_LSApplicationCategoryType" = "public.app-category.news"; "INFOPLIST_KEY_UIApplicationSceneManifest_Generation" = "YES"; "INFOPLIST_KEY_UILaunchScreen_Generation" = "YES"; "INFOPLIST_KEY_UISupportedInterfaceOrientations_iPhone" = "UIInterfaceOrientationPortrait UIInterfaceOrientationLandscapeLeft UIInterfaceOrientationLandscapeRight"; "CODE_SIGN_STYLE" = "Automatic"; "CODE_SIGN_ENTITLEMENTS" = "Config/Cloud.entitlements"; "CODE_SIGN_ENTITLEMENTS[sdk=iphone*]" = "Config/Cloud-iOS.entitlements"; "QUIET_HN_CLOUD_ENABLED" = "YES"; "CURRENT_PROJECT_VERSION" = "1"; "MARKETING_VERSION" = "0.1.0"; "ENABLE_HARDENED_RUNTIME" = "YES"; "ENABLE_APP_SANDBOX" = "YES"; "ENABLE_USER_SELECTED_FILES" = "readwrite"; "ENABLE_OUTGOING_NETWORK_CONNECTIONS" = "YES"; "COMBINE_HIDPI_IMAGES" = "YES"; "LD_RUNPATH_SEARCH_PATHS" = "$(inherited) @executable_path/Frameworks @executable_path/../Frameworks"; "SWIFT_ACTIVE_COMPILATION_CONDITIONS" = "DEBUG";}; };
4C57AF0589FCF5EB0FB88513 = {isa = XCBuildConfiguration; name = "CloudRelease"; baseConfigurationReference = 5EC5C7020CABC4A99E04D1AB; buildSettings = {"PRODUCT_BUNDLE_IDENTIFIER" = "$(QUIET_HN_BUNDLE_ID)"; "PRODUCT_NAME" = "QuietHN"; "ASSETCATALOG_COMPILER_APPICON_NAME" = "AppIcon"; "SWIFT_VERSION" = "6.0"; "SWIFT_STRICT_CONCURRENCY" = "complete"; "MACOSX_DEPLOYMENT_TARGET" = "14.0"; "IPHONEOS_DEPLOYMENT_TARGET" = "17.0"; "SUPPORTED_PLATFORMS" = "macosx iphoneos iphonesimulator"; "SDKROOT" = "auto"; "TARGETED_DEVICE_FAMILY" = "1,2"; "SUPPORTS_MACCATALYST" = "NO"; "GENERATE_INFOPLIST_FILE" = "YES"; "INFOPLIST_FILE" = "Config/Info.plist"; "INFOPLIST_KEY_CFBundleDisplayName" = "Quiet HN"; "INFOPLIST_KEY_LSApplicationCategoryType" = "public.app-category.news"; "INFOPLIST_KEY_UIApplicationSceneManifest_Generation" = "YES"; "INFOPLIST_KEY_UILaunchScreen_Generation" = "YES"; "INFOPLIST_KEY_UISupportedInterfaceOrientations_iPhone" = "UIInterfaceOrientationPortrait UIInterfaceOrientationLandscapeLeft UIInterfaceOrientationLandscapeRight"; "CODE_SIGN_STYLE" = "Automatic"; "CODE_SIGN_ENTITLEMENTS" = "Config/Cloud.entitlements"; "CODE_SIGN_ENTITLEMENTS[sdk=iphone*]" = "Config/Cloud-iOS.entitlements"; "QUIET_HN_CLOUD_ENABLED" = "YES"; "CURRENT_PROJECT_VERSION" = "1"; "MARKETING_VERSION" = "0.1.0"; "ENABLE_HARDENED_RUNTIME" = "YES"; "ENABLE_APP_SANDBOX" = "YES"; "ENABLE_USER_SELECTED_FILES" = "readwrite"; "ENABLE_OUTGOING_NETWORK_CONNECTIONS" = "YES"; "COMBINE_HIDPI_IMAGES" = "YES"; "LD_RUNPATH_SEARCH_PATHS" = "$(inherited) @executable_path/Frameworks @executable_path/../Frameworks";}; };
4FE71F2A87991572F562EAA3 = {isa = XCConfigurationList; buildConfigurations = (7082CC0B6FC1282FCEABD07A,639A7CA24D39909E713B47F7,71042C7F1CFD079F5ABF01DE,4C57AF0589FCF5EB0FB88513,); defaultConfigurationIsVisible = 0; defaultConfigurationName = Debug; };
0E8A3AD980EC179856012B7E = {isa = PBXNativeTarget; buildConfigurationList = 4FE71F2A87991572F562EAA3; buildPhases = (BCE16DD0260827ECF338C787,7561BFB015D8F536760CB671,0189424A5A60FED329FA868E,); buildRules = (); dependencies = (); name = QuietHN; productName = QuietHN; productReference = 38A007151ABE87CC01A5B6E9; productType = "com.apple.product-type.application"; };
98F54143AB4E86B28C3AFEE0 = {isa = PBXProject; attributes = {BuildIndependentTargetsInParallel = YES; LastUpgradeCheck = 2700; }; buildConfigurationList = BC7E287B75C6D3E574547D08; compatibilityVersion = "Xcode 14.0"; developmentRegion = en; hasScannedForEncodings = 0; knownRegions = (en, Base); mainGroup = B28B7AF69320201D1CF206EB; productRefGroup = FBDC4F23F93125BBEEAE800C; projectDirPath = ""; projectRoot = ""; targets = (0E8A3AD980EC179856012B7E,); };
}; rootObject = 98F54143AB4E86B28C3AFEE0; }
