// !$*UTF8*$!
{archiveVersion = 1; classes = {}; objectVersion = 56; objects = {
FA39686E31842719A11D6002 = {isa = PBXFileReference; lastKnownFileType = sourcecode.swift; path = "HackerViews/Browser/BrowserTab.swift"; sourceTree = SOURCE_ROOT; };
39EB481EC496BC0BC8391970 = {isa = PBXBuildFile; fileRef = FA39686E31842719A11D6002; };
8410A766FC959B4630F8206F = {isa = PBXFileReference; lastKnownFileType = sourcecode.swift; path = "HackerViews/Browser/BrowserWorkspace.swift"; sourceTree = SOURCE_ROOT; };
677B20E673B22AE945ED40B2 = {isa = PBXBuildFile; fileRef = 8410A766FC959B4630F8206F; };
CBF02972DE066A051E6A7844 = {isa = PBXFileReference; lastKnownFileType = sourcecode.swift; path = "HackerViews/Browser/HNService.swift"; sourceTree = SOURCE_ROOT; };
C787CC087B8E0BAD0507F864 = {isa = PBXBuildFile; fileRef = CBF02972DE066A051E6A7844; };
9133BB2F19582717D83620F4 = {isa = PBXFileReference; lastKnownFileType = sourcecode.swift; path = "HackerViews/Browser/VisitStore.swift"; sourceTree = SOURCE_ROOT; };
0C3DB4185EA816C2E9174A80 = {isa = PBXBuildFile; fileRef = 9133BB2F19582717D83620F4; };
128A6551A4E8CA417420C5D1 = {isa = PBXFileReference; lastKnownFileType = sourcecode.swift; path = "HackerViews/Core/AccountFilters.swift"; sourceTree = SOURCE_ROOT; };
D948E5C72958A2571383FD3C = {isa = PBXBuildFile; fileRef = 128A6551A4E8CA417420C5D1; };
2FBAB4C0D471801630230B1F = {isa = PBXFileReference; lastKnownFileType = sourcecode.swift; path = "HackerViews/Core/Ancestry.swift"; sourceTree = SOURCE_ROOT; };
4FBCB43C46D0974CD1B12109 = {isa = PBXBuildFile; fileRef = 2FBAB4C0D471801630230B1F; };
63382D22EC3B871BB31097BE = {isa = PBXFileReference; lastKnownFileType = sourcecode.swift; path = "HackerViews/Core/CachedAccount.swift"; sourceTree = SOURCE_ROOT; };
D4CE8267704288E32EB20DB9 = {isa = PBXBuildFile; fileRef = 63382D22EC3B871BB31097BE; };
0FA94A45CCF6CB8B159ADAD5 = {isa = PBXFileReference; lastKnownFileType = sourcecode.swift; path = "HackerViews/Core/ContentPattern.swift"; sourceTree = SOURCE_ROOT; };
0B39CD9E591FA3C68DF1D671 = {isa = PBXBuildFile; fileRef = 0FA94A45CCF6CB8B159ADAD5; };
FF4A5EC01A806BBBE65787F0 = {isa = PBXFileReference; lastKnownFileType = sourcecode.swift; path = "HackerViews/Core/FilterRule.swift"; sourceTree = SOURCE_ROOT; };
136775ED72107A8B7D8BCDB4 = {isa = PBXBuildFile; fileRef = FF4A5EC01A806BBBE65787F0; };
DC443FF35AB4B5B10CEC0275 = {isa = PBXFileReference; lastKnownFileType = sourcecode.swift; path = "HackerViews/Core/LinkRewrite.swift"; sourceTree = SOURCE_ROOT; };
2EE98989A86644C1150EF6C8 = {isa = PBXBuildFile; fileRef = DC443FF35AB4B5B10CEC0275; };
E7CCA6A4F2DA9B7A792C5033 = {isa = PBXFileReference; lastKnownFileType = sourcecode.swift; path = "HackerViews/Core/Records.swift"; sourceTree = SOURCE_ROOT; };
0F4262DFDBC5152FBF2FCE55 = {isa = PBXBuildFile; fileRef = E7CCA6A4F2DA9B7A792C5033; };
2DB89E5960EDB1A6875C0FA9 = {isa = PBXFileReference; lastKnownFileType = sourcecode.swift; path = "HackerViews/Core/RuleListEdits.swift"; sourceTree = SOURCE_ROOT; };
410A67F07759B3E4FF6E21D1 = {isa = PBXBuildFile; fileRef = 2DB89E5960EDB1A6875C0FA9; };
AFDEC7DAD1B982B50E5804A2 = {isa = PBXFileReference; lastKnownFileType = sourcecode.swift; path = "HackerViews/HackerViewsApp.swift"; sourceTree = SOURCE_ROOT; };
55CE7097F8D923AFC04302CC = {isa = PBXBuildFile; fileRef = AFDEC7DAD1B982B50E5804A2; };
319B35E6E5717575BE139527 = {isa = PBXFileReference; lastKnownFileType = sourcecode.swift; path = "HackerViews/RecordStore.swift"; sourceTree = SOURCE_ROOT; };
02B8CF9A4C94C2318DBB7767 = {isa = PBXBuildFile; fileRef = 319B35E6E5717575BE139527; };
3055107C4A1B14419EC1C397 = {isa = PBXFileReference; lastKnownFileType = sourcecode.swift; path = "HackerViews/Sync/CloudSync.swift"; sourceTree = SOURCE_ROOT; };
E8B648269A42189B315EB49F = {isa = PBXBuildFile; fileRef = 3055107C4A1B14419EC1C397; };
15F823A40F907D9426964AFE = {isa = PBXFileReference; lastKnownFileType = sourcecode.swift; path = "HackerViews/Views/AccountNotesEditor.swift"; sourceTree = SOURCE_ROOT; };
34D79A5F4CDC9EF77B273A57 = {isa = PBXBuildFile; fileRef = 15F823A40F907D9426964AFE; };
FC8794763F3F6BF1682D3400 = {isa = PBXFileReference; lastKnownFileType = sourcecode.swift; path = "HackerViews/Views/BrowserView.swift"; sourceTree = SOURCE_ROOT; };
758DDEE2E34DF867C988E689 = {isa = PBXBuildFile; fileRef = FC8794763F3F6BF1682D3400; };
6E60F19EDFCCB60BA18B3100 = {isa = PBXFileReference; lastKnownFileType = sourcecode.swift; path = "HackerViews/Views/ContentPatternEditor.swift"; sourceTree = SOURCE_ROOT; };
95AEE9E720282E3B40931478 = {isa = PBXBuildFile; fileRef = 6E60F19EDFCCB60BA18B3100; };
28E049F4C40A2E467859144C = {isa = PBXFileReference; lastKnownFileType = sourcecode.swift; path = "HackerViews/Views/DirectContributionsEditor.swift"; sourceTree = SOURCE_ROOT; };
D49C0CE4B9C27C3A171DD33E = {isa = PBXBuildFile; fileRef = 28E049F4C40A2E467859144C; };
1D91A182112CB9A65B7094C5 = {isa = PBXFileReference; lastKnownFileType = sourcecode.swift; path = "HackerViews/Views/FilterEditor.swift"; sourceTree = SOURCE_ROOT; };
44A02FA6C7606D27552BB460 = {isa = PBXBuildFile; fileRef = 1D91A182112CB9A65B7094C5; };
8D34216F4B778AFD220ECCD2 = {isa = PBXFileReference; lastKnownFileType = sourcecode.swift; path = "HackerViews/Views/FilterEffectPicker.swift"; sourceTree = SOURCE_ROOT; };
E4762B45BC0315256964FC05 = {isa = PBXBuildFile; fileRef = 8D34216F4B778AFD220ECCD2; };
2744AB2EA7294EEFED5E0924 = {isa = PBXFileReference; lastKnownFileType = sourcecode.swift; path = "HackerViews/Views/FilterMembersEditor.swift"; sourceTree = SOURCE_ROOT; };
BE872EE635D5EC7C61DBD270 = {isa = PBXBuildFile; fileRef = 2744AB2EA7294EEFED5E0924; };
07A3AD3B26968D954D3F332E = {isa = PBXFileReference; lastKnownFileType = sourcecode.swift; path = "HackerViews/Views/FilterNameField.swift"; sourceTree = SOURCE_ROOT; };
7E7EE412ED905CC94C32A250 = {isa = PBXBuildFile; fileRef = 07A3AD3B26968D954D3F332E; };
916900DD10499381F02CD462 = {isa = PBXFileReference; lastKnownFileType = sourcecode.swift; path = "HackerViews/Views/FilterPicker.swift"; sourceTree = SOURCE_ROOT; };
64482BAC05C38AE82D7C9321 = {isa = PBXBuildFile; fileRef = 916900DD10499381F02CD462; };
5EBA5AAB60A426AC3DA9FCAB = {isa = PBXFileReference; lastKnownFileType = sourcecode.swift; path = "HackerViews/Views/FiltersView.swift"; sourceTree = SOURCE_ROOT; };
E198F597DAC398D9FC3EFBDD = {isa = PBXBuildFile; fileRef = 5EBA5AAB60A426AC3DA9FCAB; };
E81B4ECE0EEEB19789E3E6AB = {isa = PBXFileReference; lastKnownFileType = sourcecode.swift; path = "HackerViews/Views/RecordEditor.swift"; sourceTree = SOURCE_ROOT; };
B571B71AD9056D88383E68FD = {isa = PBXBuildFile; fileRef = E81B4ECE0EEEB19789E3E6AB; };
F9775F38DD22D48515F9C50B = {isa = PBXFileReference; lastKnownFileType = sourcecode.swift; path = "HackerViews/Views/RootView.swift"; sourceTree = SOURCE_ROOT; };
E035F56AEE7622EC6E2DDC99 = {isa = PBXBuildFile; fileRef = F9775F38DD22D48515F9C50B; };
5938CA0CAA527628ABF37E23 = {isa = PBXFileReference; lastKnownFileType = sourcecode.swift; path = "HackerViews/Views/SavedNotesView.swift"; sourceTree = SOURCE_ROOT; };
056A4FB4DB09BEACEF9252C7 = {isa = PBXBuildFile; fileRef = 5938CA0CAA527628ABF37E23; };
8C1086A52760ADC7C32D0A3F = {isa = PBXFileReference; lastKnownFileType = sourcecode.swift; path = "HackerViews/Views/SettingsView.swift"; sourceTree = SOURCE_ROOT; };
3BDD59885B608035ABDCDB90 = {isa = PBXBuildFile; fileRef = 8C1086A52760ADC7C32D0A3F; };
57F89001FD99AF7A747B255C = {isa = PBXFileReference; lastKnownFileType = sourcecode.javascript; path = "HackerViews/Resources/filter.js"; sourceTree = SOURCE_ROOT; };
EE577EA1F146B6AA32DA845A = {isa = PBXBuildFile; fileRef = 57F89001FD99AF7A747B255C; };
3685E330EC5277A9DD5661C6 = {isa = PBXFileReference; lastKnownFileType = folder.assetcatalog; path = HackerViews/Resources/Assets.xcassets; sourceTree = SOURCE_ROOT; };
FB90684E69A6C96ED866993E = {isa = PBXBuildFile; fileRef = 3685E330EC5277A9DD5661C6; };
38A007151ABE87CC01A5B6E9 = {isa = PBXFileReference; explicitFileType = wrapper.application; includeInIndex = 0; path = HackerViews.app; sourceTree = BUILT_PRODUCTS_DIR; };
FBDC4F23F93125BBEEAE800C = {isa = PBXGroup; children = (38A007151ABE87CC01A5B6E9,); name = Products; sourceTree = "<group>"; };
B28B7AF69320201D1CF206EB = {isa = PBXGroup; children = (FA39686E31842719A11D6002,8410A766FC959B4630F8206F,CBF02972DE066A051E6A7844,9133BB2F19582717D83620F4,128A6551A4E8CA417420C5D1,2FBAB4C0D471801630230B1F,63382D22EC3B871BB31097BE,0FA94A45CCF6CB8B159ADAD5,FF4A5EC01A806BBBE65787F0,DC443FF35AB4B5B10CEC0275,E7CCA6A4F2DA9B7A792C5033,2DB89E5960EDB1A6875C0FA9,AFDEC7DAD1B982B50E5804A2,319B35E6E5717575BE139527,3055107C4A1B14419EC1C397,15F823A40F907D9426964AFE,FC8794763F3F6BF1682D3400,6E60F19EDFCCB60BA18B3100,28E049F4C40A2E467859144C,1D91A182112CB9A65B7094C5,8D34216F4B778AFD220ECCD2,2744AB2EA7294EEFED5E0924,07A3AD3B26968D954D3F332E,916900DD10499381F02CD462,5EBA5AAB60A426AC3DA9FCAB,E81B4ECE0EEEB19789E3E6AB,F9775F38DD22D48515F9C50B,5938CA0CAA527628ABF37E23,8C1086A52760ADC7C32D0A3F,57F89001FD99AF7A747B255C,3685E330EC5277A9DD5661C6,FBDC4F23F93125BBEEAE800C,); sourceTree = "<group>"; };
BCE16DD0260827ECF338C787 = {isa = PBXSourcesBuildPhase; buildActionMask = 2147483647; files = (39EB481EC496BC0BC8391970,677B20E673B22AE945ED40B2,C787CC087B8E0BAD0507F864,0C3DB4185EA816C2E9174A80,D948E5C72958A2571383FD3C,4FBCB43C46D0974CD1B12109,D4CE8267704288E32EB20DB9,0B39CD9E591FA3C68DF1D671,136775ED72107A8B7D8BCDB4,2EE98989A86644C1150EF6C8,0F4262DFDBC5152FBF2FCE55,410A67F07759B3E4FF6E21D1,55CE7097F8D923AFC04302CC,02B8CF9A4C94C2318DBB7767,E8B648269A42189B315EB49F,34D79A5F4CDC9EF77B273A57,758DDEE2E34DF867C988E689,95AEE9E720282E3B40931478,D49C0CE4B9C27C3A171DD33E,44A02FA6C7606D27552BB460,E4762B45BC0315256964FC05,BE872EE635D5EC7C61DBD270,7E7EE412ED905CC94C32A250,64482BAC05C38AE82D7C9321,E198F597DAC398D9FC3EFBDD,B571B71AD9056D88383E68FD,E035F56AEE7622EC6E2DDC99,056A4FB4DB09BEACEF9252C7,3BDD59885B608035ABDCDB90,); runOnlyForDeploymentPostprocessing = 0; };
0189424A5A60FED329FA868E = {isa = PBXResourcesBuildPhase; buildActionMask = 2147483647; files = (EE577EA1F146B6AA32DA845A,FB90684E69A6C96ED866993E,); runOnlyForDeploymentPostprocessing = 0; };
7561BFB015D8F536760CB671 = {isa = PBXFrameworksBuildPhase; buildActionMask = 2147483647; files = (); runOnlyForDeploymentPostprocessing = 0; };
5EC5C7020CABC4A99E04D1AB = {isa = PBXFileReference; lastKnownFileType = text.xcconfig; path = Config/Signing.xcconfig; sourceTree = SOURCE_ROOT; };
89E1FD6268CC0F221A2BE178 = {isa = XCBuildConfiguration; name = "Debug"; buildSettings = {"CLANG_ENABLE_MODULES" = "YES"; "SWIFT_OPTIMIZATION_LEVEL" = "-Onone"; "DEBUG_INFORMATION_FORMAT" = "dwarf"; "SWIFT_ACTIVE_COMPILATION_CONDITIONS" = "DEBUG";}; };
E6DE6C99132752C914FEF632 = {isa = XCBuildConfiguration; name = "Release"; buildSettings = {"CLANG_ENABLE_MODULES" = "YES"; "SWIFT_OPTIMIZATION_LEVEL" = "-O"; "DEBUG_INFORMATION_FORMAT" = "dwarf-with-dsym";}; };
D66D0B071132F4E14EF1C8EB = {isa = XCBuildConfiguration; name = "CloudDebug"; buildSettings = {"CLANG_ENABLE_MODULES" = "YES"; "SWIFT_OPTIMIZATION_LEVEL" = "-Onone"; "DEBUG_INFORMATION_FORMAT" = "dwarf"; "SWIFT_ACTIVE_COMPILATION_CONDITIONS" = "DEBUG";}; };
923487C5AEE96E752EAC552C = {isa = XCBuildConfiguration; name = "CloudRelease"; buildSettings = {"CLANG_ENABLE_MODULES" = "YES"; "SWIFT_OPTIMIZATION_LEVEL" = "-O"; "DEBUG_INFORMATION_FORMAT" = "dwarf-with-dsym";}; };
BC7E287B75C6D3E574547D08 = {isa = XCConfigurationList; buildConfigurations = (89E1FD6268CC0F221A2BE178,E6DE6C99132752C914FEF632,D66D0B071132F4E14EF1C8EB,923487C5AEE96E752EAC552C,); defaultConfigurationIsVisible = 0; defaultConfigurationName = Debug; };
7082CC0B6FC1282FCEABD07A = {isa = XCBuildConfiguration; name = "Debug"; baseConfigurationReference = 5EC5C7020CABC4A99E04D1AB; buildSettings = {"PRODUCT_BUNDLE_IDENTIFIER" = "$(HACKER_VIEWS_BUNDLE_ID)"; "PRODUCT_NAME" = "HackerViews"; "ASSETCATALOG_COMPILER_APPICON_NAME" = "AppIcon"; "SWIFT_VERSION" = "6.0"; "SWIFT_STRICT_CONCURRENCY" = "complete"; "MACOSX_DEPLOYMENT_TARGET" = "14.0"; "IPHONEOS_DEPLOYMENT_TARGET" = "17.0"; "SUPPORTED_PLATFORMS" = "macosx iphoneos iphonesimulator"; "SDKROOT" = "auto"; "TARGETED_DEVICE_FAMILY" = "1,2"; "SUPPORTS_MACCATALYST" = "NO"; "GENERATE_INFOPLIST_FILE" = "YES"; "INFOPLIST_FILE" = "Config/Info.plist"; "INFOPLIST_KEY_CFBundleDisplayName" = "HackerViews"; "INFOPLIST_KEY_LSApplicationCategoryType" = "public.app-category.news"; "INFOPLIST_KEY_UIApplicationSceneManifest_Generation" = "YES"; "INFOPLIST_KEY_UILaunchScreen_Generation" = "YES"; "INFOPLIST_KEY_UISupportedInterfaceOrientations_iPhone" = "UIInterfaceOrientationPortrait UIInterfaceOrientationLandscapeLeft UIInterfaceOrientationLandscapeRight"; "CODE_SIGN_STYLE" = "Automatic"; "CODE_SIGN_ENTITLEMENTS" = "Config/Local.entitlements"; "CODE_SIGN_ENTITLEMENTS[sdk=iphone*]" = "Config/Local-iOS.entitlements"; "HACKER_VIEWS_CLOUD_ENABLED" = "NO"; "CURRENT_PROJECT_VERSION" = "1"; "MARKETING_VERSION" = "0.1.0"; "ENABLE_HARDENED_RUNTIME" = "YES"; "ENABLE_APP_SANDBOX" = "YES"; "ENABLE_USER_SELECTED_FILES" = "readwrite"; "ENABLE_OUTGOING_NETWORK_CONNECTIONS" = "YES"; "COMBINE_HIDPI_IMAGES" = "YES"; "LD_RUNPATH_SEARCH_PATHS" = "$(inherited) @executable_path/Frameworks @executable_path/../Frameworks"; "SWIFT_ACTIVE_COMPILATION_CONDITIONS" = "DEBUG";}; };
639A7CA24D39909E713B47F7 = {isa = XCBuildConfiguration; name = "Release"; baseConfigurationReference = 5EC5C7020CABC4A99E04D1AB; buildSettings = {"PRODUCT_BUNDLE_IDENTIFIER" = "$(HACKER_VIEWS_BUNDLE_ID)"; "PRODUCT_NAME" = "HackerViews"; "ASSETCATALOG_COMPILER_APPICON_NAME" = "AppIcon"; "SWIFT_VERSION" = "6.0"; "SWIFT_STRICT_CONCURRENCY" = "complete"; "MACOSX_DEPLOYMENT_TARGET" = "14.0"; "IPHONEOS_DEPLOYMENT_TARGET" = "17.0"; "SUPPORTED_PLATFORMS" = "macosx iphoneos iphonesimulator"; "SDKROOT" = "auto"; "TARGETED_DEVICE_FAMILY" = "1,2"; "SUPPORTS_MACCATALYST" = "NO"; "GENERATE_INFOPLIST_FILE" = "YES"; "INFOPLIST_FILE" = "Config/Info.plist"; "INFOPLIST_KEY_CFBundleDisplayName" = "HackerViews"; "INFOPLIST_KEY_LSApplicationCategoryType" = "public.app-category.news"; "INFOPLIST_KEY_UIApplicationSceneManifest_Generation" = "YES"; "INFOPLIST_KEY_UILaunchScreen_Generation" = "YES"; "INFOPLIST_KEY_UISupportedInterfaceOrientations_iPhone" = "UIInterfaceOrientationPortrait UIInterfaceOrientationLandscapeLeft UIInterfaceOrientationLandscapeRight"; "CODE_SIGN_STYLE" = "Automatic"; "CODE_SIGN_ENTITLEMENTS" = "Config/Local.entitlements"; "CODE_SIGN_ENTITLEMENTS[sdk=iphone*]" = "Config/Local-iOS.entitlements"; "HACKER_VIEWS_CLOUD_ENABLED" = "NO"; "CURRENT_PROJECT_VERSION" = "1"; "MARKETING_VERSION" = "0.1.0"; "ENABLE_HARDENED_RUNTIME" = "YES"; "ENABLE_APP_SANDBOX" = "YES"; "ENABLE_USER_SELECTED_FILES" = "readwrite"; "ENABLE_OUTGOING_NETWORK_CONNECTIONS" = "YES"; "COMBINE_HIDPI_IMAGES" = "YES"; "LD_RUNPATH_SEARCH_PATHS" = "$(inherited) @executable_path/Frameworks @executable_path/../Frameworks";}; };
71042C7F1CFD079F5ABF01DE = {isa = XCBuildConfiguration; name = "CloudDebug"; baseConfigurationReference = 5EC5C7020CABC4A99E04D1AB; buildSettings = {"PRODUCT_BUNDLE_IDENTIFIER" = "$(HACKER_VIEWS_BUNDLE_ID)"; "PRODUCT_NAME" = "HackerViews"; "ASSETCATALOG_COMPILER_APPICON_NAME" = "AppIcon"; "SWIFT_VERSION" = "6.0"; "SWIFT_STRICT_CONCURRENCY" = "complete"; "MACOSX_DEPLOYMENT_TARGET" = "14.0"; "IPHONEOS_DEPLOYMENT_TARGET" = "17.0"; "SUPPORTED_PLATFORMS" = "macosx iphoneos iphonesimulator"; "SDKROOT" = "auto"; "TARGETED_DEVICE_FAMILY" = "1,2"; "SUPPORTS_MACCATALYST" = "NO"; "GENERATE_INFOPLIST_FILE" = "YES"; "INFOPLIST_FILE" = "Config/Info.plist"; "INFOPLIST_KEY_CFBundleDisplayName" = "HackerViews"; "INFOPLIST_KEY_LSApplicationCategoryType" = "public.app-category.news"; "INFOPLIST_KEY_UIApplicationSceneManifest_Generation" = "YES"; "INFOPLIST_KEY_UILaunchScreen_Generation" = "YES"; "INFOPLIST_KEY_UISupportedInterfaceOrientations_iPhone" = "UIInterfaceOrientationPortrait UIInterfaceOrientationLandscapeLeft UIInterfaceOrientationLandscapeRight"; "CODE_SIGN_STYLE" = "Automatic"; "CODE_SIGN_ENTITLEMENTS" = "Config/Cloud.entitlements"; "CODE_SIGN_ENTITLEMENTS[sdk=iphone*]" = "Config/Cloud-iOS.entitlements"; "HACKER_VIEWS_CLOUD_ENABLED" = "YES"; "CURRENT_PROJECT_VERSION" = "1"; "MARKETING_VERSION" = "0.1.0"; "ENABLE_HARDENED_RUNTIME" = "YES"; "ENABLE_APP_SANDBOX" = "YES"; "ENABLE_USER_SELECTED_FILES" = "readwrite"; "ENABLE_OUTGOING_NETWORK_CONNECTIONS" = "YES"; "COMBINE_HIDPI_IMAGES" = "YES"; "LD_RUNPATH_SEARCH_PATHS" = "$(inherited) @executable_path/Frameworks @executable_path/../Frameworks"; "SWIFT_ACTIVE_COMPILATION_CONDITIONS" = "DEBUG";}; };
4C57AF0589FCF5EB0FB88513 = {isa = XCBuildConfiguration; name = "CloudRelease"; baseConfigurationReference = 5EC5C7020CABC4A99E04D1AB; buildSettings = {"PRODUCT_BUNDLE_IDENTIFIER" = "$(HACKER_VIEWS_BUNDLE_ID)"; "PRODUCT_NAME" = "HackerViews"; "ASSETCATALOG_COMPILER_APPICON_NAME" = "AppIcon"; "SWIFT_VERSION" = "6.0"; "SWIFT_STRICT_CONCURRENCY" = "complete"; "MACOSX_DEPLOYMENT_TARGET" = "14.0"; "IPHONEOS_DEPLOYMENT_TARGET" = "17.0"; "SUPPORTED_PLATFORMS" = "macosx iphoneos iphonesimulator"; "SDKROOT" = "auto"; "TARGETED_DEVICE_FAMILY" = "1,2"; "SUPPORTS_MACCATALYST" = "NO"; "GENERATE_INFOPLIST_FILE" = "YES"; "INFOPLIST_FILE" = "Config/Info.plist"; "INFOPLIST_KEY_CFBundleDisplayName" = "HackerViews"; "INFOPLIST_KEY_LSApplicationCategoryType" = "public.app-category.news"; "INFOPLIST_KEY_UIApplicationSceneManifest_Generation" = "YES"; "INFOPLIST_KEY_UILaunchScreen_Generation" = "YES"; "INFOPLIST_KEY_UISupportedInterfaceOrientations_iPhone" = "UIInterfaceOrientationPortrait UIInterfaceOrientationLandscapeLeft UIInterfaceOrientationLandscapeRight"; "CODE_SIGN_STYLE" = "Automatic"; "CODE_SIGN_ENTITLEMENTS" = "Config/Cloud.entitlements"; "CODE_SIGN_ENTITLEMENTS[sdk=iphone*]" = "Config/Cloud-iOS.entitlements"; "HACKER_VIEWS_CLOUD_ENABLED" = "YES"; "CURRENT_PROJECT_VERSION" = "1"; "MARKETING_VERSION" = "0.1.0"; "ENABLE_HARDENED_RUNTIME" = "YES"; "ENABLE_APP_SANDBOX" = "YES"; "ENABLE_USER_SELECTED_FILES" = "readwrite"; "ENABLE_OUTGOING_NETWORK_CONNECTIONS" = "YES"; "COMBINE_HIDPI_IMAGES" = "YES"; "LD_RUNPATH_SEARCH_PATHS" = "$(inherited) @executable_path/Frameworks @executable_path/../Frameworks";}; };
4FE71F2A87991572F562EAA3 = {isa = XCConfigurationList; buildConfigurations = (7082CC0B6FC1282FCEABD07A,639A7CA24D39909E713B47F7,71042C7F1CFD079F5ABF01DE,4C57AF0589FCF5EB0FB88513,); defaultConfigurationIsVisible = 0; defaultConfigurationName = Debug; };
0E8A3AD980EC179856012B7E = {isa = PBXNativeTarget; buildConfigurationList = 4FE71F2A87991572F562EAA3; buildPhases = (BCE16DD0260827ECF338C787,7561BFB015D8F536760CB671,0189424A5A60FED329FA868E,); buildRules = (); dependencies = (); name = HackerViews; productName = HackerViews; productReference = 38A007151ABE87CC01A5B6E9; productType = "com.apple.product-type.application"; };
98F54143AB4E86B28C3AFEE0 = {isa = PBXProject; attributes = {BuildIndependentTargetsInParallel = YES; LastUpgradeCheck = 2700; }; buildConfigurationList = BC7E287B75C6D3E574547D08; compatibilityVersion = "Xcode 14.0"; developmentRegion = en; hasScannedForEncodings = 0; knownRegions = (en, Base); mainGroup = B28B7AF69320201D1CF206EB; productRefGroup = FBDC4F23F93125BBEEAE800C; projectDirPath = ""; projectRoot = ""; targets = (0E8A3AD980EC179856012B7E,); };
}; rootObject = 98F54143AB4E86B28C3AFEE0; }
